
Microsoft Visual Studio Solution File, Format Version 12.00
# Visual Studio 15
VisualStudioVersion = 15.0.28010.2048
MinimumVisualStudioVersion = 10.0.40219.1
Project("{FAE04EC0-301F-11D3-BF4B-00C04F79EFBC}") = "Grunt-Ascension-Demonstration", "Grunt-Ascension-Demonstration\Grunt-Ascension-Demonstration.csproj", "{7018B653-9B3B-4AAD-85BA-C7E5756DBAED}"
EndProject
Global
	GlobalSection(SolutionConfigurationPlatforms) = preSolution
		Debug|Any CPU = Debug|Any CPU
		Release|Any CPU = Release|Any CPU
	EndGlobalSection
	GlobalSection(ProjectConfigurationPlatforms) = postSolution
		{7018B653-9B3B-4AAD-85BA-C7E5756DBAED}.Debug|Any CPU.ActiveCfg = Debug|Any CPU
		{7018B653-9B3B-4AAD-85BA-C7E5756DBAED}.Debug|Any CPU.Build.0 = Debug|Any CPU
		{7018B653-9B3B-4AAD-85BA-C7E5756DBAED}.Release|Any CPU.ActiveCfg = Release|Any CPU
		{7018B653-9B3B-4AAD-85BA-C7E5756DBAED}.Release|Any CPU.Build.0 = Release|Any CPU
	EndGlobalSection
	GlobalSection(SolutionProperties) = preSolution
		HideSolutionNode = FALSE
	EndGlobalSection
	GlobalSection(ExtensibilityGlobals) = postSolution
		SolutionGuid = {418A2E56-54C0-4A15-8444-239AC97F52DD}
	EndGlobalSection
EndGlobal
